
Microsoft Visual Studio Solution File, Format Version 12.00
# Visual Studio Version 17
VisualStudioVersion = 17.5.33414.496
MinimumVisualStudioVersion = 10.0.40219.1
Project("{9A19103F-16F7-4668-BE54-9A1E7A4F7556}") = "Prototype", "Prototype\Prototype.csproj", "{9FC804CD-84F7-4D47-A017-A37B9052A27C}"
EndProject
Project("{FAE04EC0-301F-11D3-BF4B-00C04F79EFBC}") = "GameCore", "GameCore\GameCore.csproj", "{60FA56DB-1890-4948-81CD-BFC939516440}"
EndProject
Project("{FAE04EC0-301F-11D3-BF4B-00C04F79EFBC}") = "GameCore.Tests", "GameCore.Tests\GameCore.Tests.csproj", "{566C1612-63DC-42FE-9DCB-932BEEAF2DBC}"
EndProject
Global
	GlobalSection(SolutionConfigurationPlatforms) = preSolution
		Debug|Any CPU = Debug|Any CPU
		Release|Any CPU = Release|Any CPU
	EndGlobalSection
	GlobalSection(ProjectConfigurationPlatforms) = postSolution
		{9FC804CD-84F7-4D47-A017-A37B9052A27C}.Debug|Any CPU.ActiveCfg = Debug|Any CPU
		{9FC804CD-84F7-4D47-A017-A37B9052A27C}.Debug|Any CPU.Build.0 = Debug|Any CPU
		{9FC804CD-84F7-4D47-A017-A37B9052A27C}.Release|Any CPU.ActiveCfg = Release|Any CPU
		{9FC804CD-84F7-4D47-A017-A37B9052A27C}.Release|Any CPU.Build.0 = Release|Any CPU
		{60FA56DB-1890-4948-81CD-BFC939516440}.Debug|Any CPU.ActiveCfg = Debug|Any CPU
		{60FA56DB-1890-4948-81CD-BFC939516440}.Debug|Any CPU.Build.0 = Debug|Any CPU
		{60FA56DB-1890-4948-81CD-BFC939516440}.Release|Any CPU.ActiveCfg = Release|Any CPU
		{60FA56DB-1890-4948-81CD-BFC939516440}.Release|Any CPU.Build.0 = Release|Any CPU
		{566C1612-63DC-42FE-9DCB-932BEEAF2DBC}.Debug|Any CPU.ActiveCfg = Debug|Any CPU
		{566C1612-63DC-42FE-9DCB-932BEEAF2DBC}.Debug|Any CPU.Build.0 = Debug|Any CPU
		{566C1612-63DC-42FE-9DCB-932BEEAF2DBC}.Release|Any CPU.ActiveCfg = Release|Any CPU
		{566C1612-63DC-42FE-9DCB-932BEEAF2DBC}.Release|Any CPU.Build.0 = Release|Any CPU
	EndGlobalSection
	GlobalSection(SolutionProperties) = preSolution
		HideSolutionNode = FALSE
	EndGlobalSection
	GlobalSection(ExtensibilityGlobals) = postSolution
		SolutionGuid = {00B08737-24B6-49AA-918F-20C990A6BE20}
	EndGlobalSection
EndGlobal
